
Microsoft Visual Studio Solution File, Format Version 12.00
# Visual Studio Version 17
VisualStudioVersion = 17.2.32616.157
MinimumVisualStudioVersion = 10.0.40219.1
Project("{FAE04EC0-301F-11D3-BF4B-00C04F79EFBC}") = "BlazorServerUserAdmin", "BlazorServerUserAdmin\BlazorServerUserAdmin.csproj", "{D3A28A40-C95F-4090-8E4F-8D0362990E7E}"
EndProject
Global
	GlobalSection(SolutionConfigurationPlatforms) = preSolution
		Debug|Any CPU = Debug|Any CPU
		Release|Any CPU = Release|Any CPU
	EndGlobalSection
	GlobalSection(ProjectConfigurationPlatforms) = postSolution
		{D3A28A40-C95F-4090-8E4F-8D0362990E7E}.Debug|Any CPU.ActiveCfg = Debug|Any CPU
		{D3A28A40-C95F-4090-8E4F-8D0362990E7E}.Debug|Any CPU.Build.0 = Debug|Any CPU
		{D3A28A40-C95F-4090-8E4F-8D0362990E7E}.Release|Any CPU.ActiveCfg = Release|Any CPU
		{D3A28A40-C95F-4090-8E4F-8D0362990E7E}.Release|Any CPU.Build.0 = Release|Any CPU
	EndGlobalSection
	GlobalSection(SolutionProperties) = preSolution
		HideSolutionNode = FALSE
	EndGlobalSection
	GlobalSection(ExtensibilityGlobals) = postSolution
		SolutionGuid = {022C4764-DE6F-4B9F-AF5C-7D2BDD845B56}
	EndGlobalSection
EndGlobal
